
Microsoft Visual Studio Solution File, Format Version 12.00
# Visual Studio Version 17
VisualStudioVersion = 17.3.32819.101
MinimumVisualStudioVersion = 10.0.40219.1
Project("{FAE04EC0-301F-11D3-BF4B-00C04F79EFBC}") = "AARCOAPI", "AARCOAPI.csproj", "{7A01FFD7-749E-4D53-AA54-2D1B3DA026CD}"
EndProject
Global
	GlobalSection(SolutionConfigurationPlatforms) = preSolution
		Debug|Any CPU = Debug|Any CPU
		Release|Any CPU = Release|Any CPU
	EndGlobalSection
	GlobalSection(ProjectConfigurationPlatforms) = postSolution
		{7A01FFD7-749E-4D53-AA54-2D1B3DA026CD}.Debug|Any CPU.ActiveCfg = Debug|Any CPU
		{7A01FFD7-749E-4D53-AA54-2D1B3DA026CD}.Debug|Any CPU.Build.0 = Debug|Any CPU
		{7A01FFD7-749E-4D53-AA54-2D1B3DA026CD}.Release|Any CPU.ActiveCfg = Release|Any CPU
		{7A01FFD7-749E-4D53-AA54-2D1B3DA026CD}.Release|Any CPU.Build.0 = Release|Any CPU
	EndGlobalSection
	GlobalSection(SolutionProperties) = preSolution
		HideSolutionNode = FALSE
	EndGlobalSection
	GlobalSection(ExtensibilityGlobals) = postSolution
		SolutionGuid = {70F03CA5-34F2-49C7-BF13-C5CF6BC9BB57}
	EndGlobalSection
EndGlobal
